<?xml version="1.0" encoding="UTF-8"?>
<Scheme
   LastUpgradeVersion = "1320"
   version = "1.3">
   <BuildAction
      parallelizeBuildables = "YES"
      buildImplicitDependencies = "YES">
      <BuildActionEntries>
         <BuildActionEntry
            buildForTesting = "YES"
            buildForRunning = "YES"
            buildForProfiling = "YES"
            buildForArchiving = "YES"
            buildForAnalyzing = "YES">
            <BuildableReference
               BuildableIdentifier = "primary"
               BlueprintIdentifier = "835D7C0027BAC7A200A7B5DD"
               BuildableName = "Phone Lib Example.app"
               BlueprintName = "Phone Lib Example"
               ReferencedContainer = "container:iOS Phone Lib.xcodeproj">
            </BuildableReference>
         </BuildActionEntry>
      </BuildActionEntries>
   </BuildAction>
   <TestAction
      buildConfiguration = "Debug"
      selectedDebuggerIdentifier = "Xcode.DebuggerFoundation.Debugger.LLDB"
      selectedLauncherIdentifier = "Xcode.DebuggerFoundation.Launcher.LLDB"
      shouldUseLaunchSchemeArgsEnv = "YES">
      <Testables>
         <TestableReference
            skipped = "NO">
            <BuildableReference
               BuildableIdentifier = "primary"
               BlueprintIdentifier = "8323714427C7C1D60087E701"
               BuildableName = "PILTests.xctest"
               BlueprintName = "PILTests"
               ReferencedContainer = "container:iOS Phone Lib.xcodeproj">
            </BuildableReference>
         </TestableReference>
      </Testables>
   </TestAction>
   <LaunchAction
      buildConfiguration = "Debug"
      selectedDebuggerIdentifier = "Xcode.DebuggerFoundation.Debugger.LLDB"
      selectedLauncherIdentifier = "Xcode.DebuggerFoundation.Launcher.LLDB"
      launchStyle = "0"
      useCustomWorkingDirectory = "NO"
      ignoresPersistentStateOnLaunch = "NO"
      debugDocumentVersioning = "YES"
      debugServiceExtension = "internal"
      allowLocationSimulation = "YES">
      <BuildableProductRunnable
         runnableDebuggingMode = "0">
         <BuildableReference
            BuildableIdentifier = "primary"
            BlueprintIdentifier = "835D7C0027BAC7A200A7B5DD"
            BuildableName = "Phone Lib Example.app"
            BlueprintName = "Phone Lib Example"
            ReferencedContainer = "container:iOS Phone Lib.xcodeproj">
         </BuildableReference>
      </BuildableProductRunnable>
      <EnvironmentVariables>
         <EnvironmentVariable
            key = "pil.default.username"
            value = "169710067"
            isEnabled = "YES">
         </EnvironmentVariable>
         <EnvironmentVariable
            key = "pil.default.voipgrid.username"
            value = "jeremy6@wearespindle.com"
            isEnabled = "YES">
         </EnvironmentVariable>
         <EnvironmentVariable
            key = "pil.default.voipgrid.password"
            value = "jeremy37483"
            isEnabled = "YES">
         </EnvironmentVariable>
         <EnvironmentVariable
            key = "pil.default.password"
            value = "aQuAh3L9DX5AvN5"
            isEnabled = "YES">
         </EnvironmentVariable>
         <EnvironmentVariable
            key = "pil.default.domain"
            value = "sip.encryptedsip.com"
            isEnabled = "YES">
         </EnvironmentVariable>
         <EnvironmentVariable
            key = "pil.default.port"
            value = "5061"
            isEnabled = "YES">
         </EnvironmentVariable>
      </EnvironmentVariables>
   </LaunchAction>
   <ProfileAction
      buildConfiguration = "Release"
      shouldUseLaunchSchemeArgsEnv = "YES"
      savedToolIdentifier = ""
      useCustomWorkingDirectory = "NO"
      debugDocumentVersioning = "YES">
      <BuildableProductRunnable
         runnableDebuggingMode = "0">
         <BuildableReference
            BuildableIdentifier = "primary"
            BlueprintIdentifier = "835D7C0027BAC7A200A7B5DD"
            BuildableName = "Phone Lib Example.app"
            BlueprintName = "Phone Lib Example"
            ReferencedContainer = "container:iOS Phone Lib.xcodeproj">
         </BuildableReference>
      </BuildableProductRunnable>
   </ProfileAction>
   <AnalyzeAction
      buildConfiguration = "Debug">
   </AnalyzeAction>
   <ArchiveAction
      buildConfiguration = "Release"
      revealArchiveInOrganizer = "YES">
   </ArchiveAction>
</Scheme>
