PODS:
  - Alamofire (5.6.1)
  - iOSPhoneLib (0.1.1):
    - linphone-sdk (= 5.1.28)
    - Swinject (~> 2.7.1)
  - linphone-sdk (5.1.28):
    - linphone-sdk/all-frameworks (= 5.1.28)
    - linphone-sdk/app-extension (= 5.1.28)
    - linphone-sdk/app-extension-swift (= 5.1.28)
    - linphone-sdk/basic-frameworks (= 5.1.28)
    - linphone-sdk/swift (= 5.1.28)
  - linphone-sdk/all-frameworks (5.1.28)
  - linphone-sdk/app-extension (5.1.28)
  - linphone-sdk/app-extension-swift (5.1.28):
    - linphone-sdk/app-extension
  - linphone-sdk/basic-frameworks (5.1.28):
    - linphone-sdk/app-extension
  - linphone-sdk/swift (5.1.28):
    - linphone-sdk/app-extension-swift
    - linphone-sdk/basic-frameworks
  - QuickTableViewController (1.3.1)
  - SAMKeychain (1.5.3)
  - Swinject (2.7.1)

DEPENDENCIES:
  - Alamofire (~> 5.2)
  - iOSPhoneLib (from `iOSPhoneLib.podspec`)
  - linphone-sdk (= 5.1.28)
  - QuickTableViewController
  - SAMKeychain
  - Swinject

SPEC REPOS:
  https://github.com/CocoaPods/Specs.git:
    - Alamofire
    - QuickTableViewController
    - SAMKeychain
    - Swinject
  https://gitlab.linphone.org/BC/public/podspec.git:
    - linphone-sdk

EXTERNAL SOURCES:
  iOSPhoneLib:
    :path: iOSPhoneLib.podspec

SPEC CHECKSUMS:
  Alamofire: 87bd8c952f9a4454320fce00d9cc3de57bcadaf5
  iOSPhoneLib: a50d078f9329ef2d1707aad303c9ac938ae19efc
  linphone-sdk: d3c29da0625a4f5e699b1e8cea0777fc7225e667
  QuickTableViewController: 25e698de1546c2b829c543d91b64ebc6e884acfc
  SAMKeychain: 483e1c9f32984d50ca961e26818a534283b4cd5c
  Swinject: ddf78b8486dd9b71a667b852cad919ab4484478e

PODFILE CHECKSUM: 717d54296126f3230067b91e59e2b321cc6a7f84

COCOAPODS: 1.11.2
