PODS:
  - Alamofire (5.6.4)
  - iOSPhoneLib (0.1.1):
    - linphone-sdk-novideo (= 5.2.30)
    - Swinject (~> 2.7.1)
  - linphone-sdk-novideo (5.2.30)
  - QuickTableViewController (1.3.1)
  - SAMKeychain (1.5.3)
  - Swinject (2.7.1)

DEPENDENCIES:
  - Alamofire (~> 5.2)
  - iOSPhoneLib (from `iOSPhoneLib.podspec`)
  - linphone-sdk-novideo (= 5.2.30)
  - QuickTableViewController
  - SAMKeychain
  - Swinject

SPEC REPOS:
  https://github.com/CocoaPods/Specs.git:
    - Alamofire
    - QuickTableViewController
    - SAMKeychain
    - Swinject
  https://gitlab.linphone.org/BC/public/podspec.git:
    - linphone-sdk-novideo

EXTERNAL SOURCES:
  iOSPhoneLib:
    :path: iOSPhoneLib.podspec

SPEC CHECKSUMS:
  Alamofire: 4e95d97098eacb88856099c4fc79b526a299e48c
  iOSPhoneLib: 08489b73b70d48b611db50e317650a078a30fc05
  linphone-sdk-novideo: 8038af9d117a2c255144a2f51a7d73be8a7e9abb
  QuickTableViewController: 25e698de1546c2b829c543d91b64ebc6e884acfc
  SAMKeychain: 483e1c9f32984d50ca961e26818a534283b4cd5c
  Swinject: ddf78b8486dd9b71a667b852cad919ab4484478e

PODFILE CHECKSUM: ae8ca8dd2a5394757ffbc3f3ff8e18db05be32fa

COCOAPODS: 1.12.0
